
Microsoft Visual Studio Solution File, Format Version 12.00
# Visual Studio Version 16
VisualStudioVersion = 16.0.29424.173
MinimumVisualStudioVersion = 15.0.26124.0
Project("{9A19103F-16F7-4668-BE54-9A1E7A4F7556}") = "NStandard", "NStandard\NStandard.csproj", "{60638C66-B555-40AD-A8D4-E5749896C4A3}"
EndProject
Project("{9A19103F-16F7-4668-BE54-9A1E7A4F7556}") = "NStandard.Test", "NStandard.Test\NStandard.Test.csproj", "{1D698F96-EB68-4D50-8266-D48FFC8BC5B0}"
EndProject
Project("{2150E333-8FDC-42A3-9474-1A3956D46DE8}") = "Solution Items", "Solution Items", "{72A95E79-4D6E-474A-86A0-4A610A3BB274}"
	ProjectSection(SolutionItems) = preProject
		LICENSE.md = LICENSE.md
		push.cmd = push.cmd
	EndProjectSection
EndProject
Global
	GlobalSection(SolutionConfigurationPlatforms) = preSolution
		Debug|Any CPU = Debug|Any CPU
		Debug|x64 = Debug|x64
		Debug|x86 = Debug|x86
		Release|Any CPU = Release|Any CPU
		Release|x64 = Release|x64
		Release|x86 = Release|x86
	EndGlobalSection
	GlobalSection(ProjectConfigurationPlatforms) = postSolution
		{60638C66-B555-40AD-A8D4-E5749896C4A3}.Debug|Any CPU.ActiveCfg = Debug|Any CPU
		{60638C66-B555-40AD-A8D4-E5749896C4A3}.Debug|Any CPU.Build.0 = Debug|Any CPU
		{60638C66-B555-40AD-A8D4-E5749896C4A3}.Debug|x64.ActiveCfg = Debug|Any CPU
		{60638C66-B555-40AD-A8D4-E5749896C4A3}.Debug|x64.Build.0 = Debug|Any CPU
		{60638C66-B555-40AD-A8D4-E5749896C4A3}.Debug|x86.ActiveCfg = Debug|Any CPU
		{60638C66-B555-40AD-A8D4-E5749896C4A3}.Debug|x86.Build.0 = Debug|Any CPU
		{60638C66-B555-40AD-A8D4-E5749896C4A3}.Release|Any CPU.ActiveCfg = Release|Any CPU
		{60638C66-B555-40AD-A8D4-E5749896C4A3}.Release|Any CPU.Build.0 = Release|Any CPU
		{60638C66-B555-40AD-A8D4-E5749896C4A3}.Release|x64.ActiveCfg = Release|Any CPU
		{60638C66-B555-40AD-A8D4-E5749896C4A3}.Release|x64.Build.0 = Release|Any CPU
		{60638C66-B555-40AD-A8D4-E5749896C4A3}.Release|x86.ActiveCfg = Release|Any CPU
		{60638C66-B555-40AD-A8D4-E5749896C4A3}.Release|x86.Build.0 = Release|Any CPU
		{1D698F96-EB68-4D50-8266-D48FFC8BC5B0}.Debug|Any CPU.ActiveCfg = Debug|Any CPU
		{1D698F96-EB68-4D50-8266-D48FFC8BC5B0}.Debug|Any CPU.Build.0 = Debug|Any CPU
		{1D698F96-EB68-4D50-8266-D48FFC8BC5B0}.Debug|x64.ActiveCfg = Debug|Any CPU
		{1D698F96-EB68-4D50-8266-D48FFC8BC5B0}.Debug|x64.Build.0 = Debug|Any CPU
		{1D698F96-EB68-4D50-8266-D48FFC8BC5B0}.Debug|x86.ActiveCfg = Debug|Any CPU
		{1D698F96-EB68-4D50-8266-D48FFC8BC5B0}.Debug|x86.Build.0 = Debug|Any CPU
		{1D698F96-EB68-4D50-8266-D48FFC8BC5B0}.Release|Any CPU.ActiveCfg = Release|Any CPU
		{1D698F96-EB68-4D50-8266-D48FFC8BC5B0}.Release|Any CPU.Build.0 = Release|Any CPU
		{1D698F96-EB68-4D50-8266-D48FFC8BC5B0}.Release|x64.ActiveCfg = Release|Any CPU
		{1D698F96-EB68-4D50-8266-D48FFC8BC5B0}.Release|x64.Build.0 = Release|Any CPU
		{1D698F96-EB68-4D50-8266-D48FFC8BC5B0}.Release|x86.ActiveCfg = Release|Any CPU
		{1D698F96-EB68-4D50-8266-D48FFC8BC5B0}.Release|x86.Build.0 = Release|Any CPU
	EndGlobalSection
	GlobalSection(SolutionProperties) = preSolution
		HideSolutionNode = FALSE
	EndGlobalSection
	GlobalSection(ExtensibilityGlobals) = postSolution
		SolutionGuid = {0C476BA2-AEF4-4DBF-86FC-19174C42C725}
	EndGlobalSection
EndGlobal
