
Microsoft Visual Studio Solution File, Format Version 12.00
# Visual Studio Version 17
VisualStudioVersion = 17.0.31808.319
MinimumVisualStudioVersion = 15.0.26124.0
Project("{2150E333-8FDC-42A3-9474-1A3956D46DE8}") = "Solution Items", "Solution Items", "{72A95E79-4D6E-474A-86A0-4A610A3BB274}"
	ProjectSection(SolutionItems) = preProject
		LICENSE.md = LICENSE.md
		push.cmd = push.cmd
		README-CN.md = README-CN.md
		README.md = README.md
	EndProjectSection
EndProject
Project("{9A19103F-16F7-4668-BE54-9A1E7A4F7556}") = "NStandard", "NStandard\NStandard.csproj", "{59B4A901-C22B-477A-BE77-23A4D0D75768}"
EndProject
Project("{9A19103F-16F7-4668-BE54-9A1E7A4F7556}") = "[NoRelease] NStandard.Dev", "NStandard.Dev\[NoRelease] NStandard.Dev.csproj", "{1B8F810F-D108-49A7-82EC-69C2F2F5ED90}"
EndProject
Project("{9A19103F-16F7-4668-BE54-9A1E7A4F7556}") = "NStandard.Windows", "NStandard.Windows\NStandard.Windows.csproj", "{3C1264B7-2813-4625-8C4B-ACC3ADD793EE}"
EndProject
Project("{9A19103F-16F7-4668-BE54-9A1E7A4F7556}") = "NStandard.Runtime", "NStandard.Runtime\NStandard.Runtime.csproj", "{B5A825A9-74AA-4AFF-A3DD-4E50ED2564B5}"
EndProject
Project("{9A19103F-16F7-4668-BE54-9A1E7A4F7556}") = "NStandard.Debug", "NStandard.Debug\NStandard.Debug.csproj", "{B28D2988-BA8E-419C-9CC8-7BCFC02973FF}"
EndProject
Project("{9A19103F-16F7-4668-BE54-9A1E7A4F7556}") = "NStandard.Encoding", "NStandard.Encoding\NStandard.Encoding.csproj", "{D2516A93-108A-4686-92E4-89D87C5C53A9}"
EndProject
Project("{9A19103F-16F7-4668-BE54-9A1E7A4F7556}") = "NStandard.Trees", "NStandard.Trees\NStandard.Trees.csproj", "{E14A433E-2D42-4609-B23E-A66777A08FC2}"
EndProject
Project("{2150E333-8FDC-42A3-9474-1A3956D46DE8}") = "Tests", "Tests", "{4E5C18F3-4101-4C4C-88A3-7A0972C6FF69}"
EndProject
Project("{9A19103F-16F7-4668-BE54-9A1E7A4F7556}") = "NStandard.Test", "Tests\NStandard.Test\NStandard.Test.csproj", "{FDA851DE-08DD-40E5-9BCF-811A1ACE4E9B}"
EndProject
Project("{FAE04EC0-301F-11D3-BF4B-00C04F79EFBC}") = "NStandard.NET45.Test", "Tests\NStandard.NET45.Test\NStandard.NET45.Test.csproj", "{CFB18713-2221-456B-82A7-4F0302BA527E}"
EndProject
Project("{9A19103F-16F7-4668-BE54-9A1E7A4F7556}") = "NStandard.Diagnostics", "NStandard.Diagnostics\NStandard.Diagnostics.csproj", "{98130AD0-19AB-496E-821B-6500AF76B996}"
EndProject
Project("{9A19103F-16F7-4668-BE54-9A1E7A4F7556}") = "NStandard.Json", "NStandard.Json\NStandard.Json.csproj", "{DA04EB75-C1BF-480B-B0FB-5EDD986A28B7}"
EndProject
Project("{9A19103F-16F7-4668-BE54-9A1E7A4F7556}") = "NStandard.Json.Net", "NStandard.Json.Net\NStandard.Json.Net.csproj", "{E03827F8-AA7A-4FCA-A9CF-D8460A6B35EC}"
EndProject
Project("{9A19103F-16F7-4668-BE54-9A1E7A4F7556}") = "NStandard.Compress", "NStandard.Compress\NStandard.Compress.csproj", "{1AFFE08B-FCA1-4306-8ABD-7CC8113E4E39}"
EndProject
Project("{2150E333-8FDC-42A3-9474-1A3956D46DE8}") = "Devs", "Devs", "{19942B82-4D5C-4FF1-945B-28DE286A0989}"
EndProject
Global
	GlobalSection(SolutionConfigurationPlatforms) = preSolution
		Debug|Any CPU = Debug|Any CPU
		Release|Any CPU = Release|Any CPU
	EndGlobalSection
	GlobalSection(ProjectConfigurationPlatforms) = postSolution
		{59B4A901-C22B-477A-BE77-23A4D0D75768}.Debug|Any CPU.ActiveCfg = Debug|Any CPU
		{59B4A901-C22B-477A-BE77-23A4D0D75768}.Debug|Any CPU.Build.0 = Debug|Any CPU
		{59B4A901-C22B-477A-BE77-23A4D0D75768}.Release|Any CPU.ActiveCfg = Release|Any CPU
		{59B4A901-C22B-477A-BE77-23A4D0D75768}.Release|Any CPU.Build.0 = Release|Any CPU
		{1B8F810F-D108-49A7-82EC-69C2F2F5ED90}.Debug|Any CPU.ActiveCfg = Debug|Any CPU
		{1B8F810F-D108-49A7-82EC-69C2F2F5ED90}.Debug|Any CPU.Build.0 = Debug|Any CPU
		{1B8F810F-D108-49A7-82EC-69C2F2F5ED90}.Release|Any CPU.ActiveCfg = Release|Any CPU
		{1B8F810F-D108-49A7-82EC-69C2F2F5ED90}.Release|Any CPU.Build.0 = Release|Any CPU
		{3C1264B7-2813-4625-8C4B-ACC3ADD793EE}.Debug|Any CPU.ActiveCfg = Debug|Any CPU
		{3C1264B7-2813-4625-8C4B-ACC3ADD793EE}.Debug|Any CPU.Build.0 = Debug|Any CPU
		{3C1264B7-2813-4625-8C4B-ACC3ADD793EE}.Release|Any CPU.ActiveCfg = Release|Any CPU
		{3C1264B7-2813-4625-8C4B-ACC3ADD793EE}.Release|Any CPU.Build.0 = Release|Any CPU
		{B5A825A9-74AA-4AFF-A3DD-4E50ED2564B5}.Debug|Any CPU.ActiveCfg = Debug|Any CPU
		{B5A825A9-74AA-4AFF-A3DD-4E50ED2564B5}.Debug|Any CPU.Build.0 = Debug|Any CPU
		{B5A825A9-74AA-4AFF-A3DD-4E50ED2564B5}.Release|Any CPU.ActiveCfg = Release|Any CPU
		{B5A825A9-74AA-4AFF-A3DD-4E50ED2564B5}.Release|Any CPU.Build.0 = Release|Any CPU
		{B28D2988-BA8E-419C-9CC8-7BCFC02973FF}.Debug|Any CPU.ActiveCfg = Debug|Any CPU
		{B28D2988-BA8E-419C-9CC8-7BCFC02973FF}.Debug|Any CPU.Build.0 = Debug|Any CPU
		{B28D2988-BA8E-419C-9CC8-7BCFC02973FF}.Release|Any CPU.ActiveCfg = Release|Any CPU
		{B28D2988-BA8E-419C-9CC8-7BCFC02973FF}.Release|Any CPU.Build.0 = Release|Any CPU
		{D2516A93-108A-4686-92E4-89D87C5C53A9}.Debug|Any CPU.ActiveCfg = Debug|Any CPU
		{D2516A93-108A-4686-92E4-89D87C5C53A9}.Debug|Any CPU.Build.0 = Debug|Any CPU
		{D2516A93-108A-4686-92E4-89D87C5C53A9}.Release|Any CPU.ActiveCfg = Release|Any CPU
		{D2516A93-108A-4686-92E4-89D87C5C53A9}.Release|Any CPU.Build.0 = Release|Any CPU
		{E14A433E-2D42-4609-B23E-A66777A08FC2}.Debug|Any CPU.ActiveCfg = Debug|Any CPU
		{E14A433E-2D42-4609-B23E-A66777A08FC2}.Debug|Any CPU.Build.0 = Debug|Any CPU
		{E14A433E-2D42-4609-B23E-A66777A08FC2}.Release|Any CPU.ActiveCfg = Release|Any CPU
		{E14A433E-2D42-4609-B23E-A66777A08FC2}.Release|Any CPU.Build.0 = Release|Any CPU
		{FDA851DE-08DD-40E5-9BCF-811A1ACE4E9B}.Debug|Any CPU.ActiveCfg = Debug|Any CPU
		{FDA851DE-08DD-40E5-9BCF-811A1ACE4E9B}.Debug|Any CPU.Build.0 = Debug|Any CPU
		{FDA851DE-08DD-40E5-9BCF-811A1ACE4E9B}.Release|Any CPU.ActiveCfg = Release|Any CPU
		{FDA851DE-08DD-40E5-9BCF-811A1ACE4E9B}.Release|Any CPU.Build.0 = Release|Any CPU
		{CFB18713-2221-456B-82A7-4F0302BA527E}.Debug|Any CPU.ActiveCfg = Debug|Any CPU
		{CFB18713-2221-456B-82A7-4F0302BA527E}.Debug|Any CPU.Build.0 = Debug|Any CPU
		{CFB18713-2221-456B-82A7-4F0302BA527E}.Release|Any CPU.ActiveCfg = Release|Any CPU
		{CFB18713-2221-456B-82A7-4F0302BA527E}.Release|Any CPU.Build.0 = Release|Any CPU
		{98130AD0-19AB-496E-821B-6500AF76B996}.Debug|Any CPU.ActiveCfg = Debug|Any CPU
		{98130AD0-19AB-496E-821B-6500AF76B996}.Debug|Any CPU.Build.0 = Debug|Any CPU
		{98130AD0-19AB-496E-821B-6500AF76B996}.Release|Any CPU.ActiveCfg = Release|Any CPU
		{98130AD0-19AB-496E-821B-6500AF76B996}.Release|Any CPU.Build.0 = Release|Any CPU
		{DA04EB75-C1BF-480B-B0FB-5EDD986A28B7}.Debug|Any CPU.ActiveCfg = Debug|Any CPU
		{DA04EB75-C1BF-480B-B0FB-5EDD986A28B7}.Debug|Any CPU.Build.0 = Debug|Any CPU
		{DA04EB75-C1BF-480B-B0FB-5EDD986A28B7}.Release|Any CPU.ActiveCfg = Release|Any CPU
		{DA04EB75-C1BF-480B-B0FB-5EDD986A28B7}.Release|Any CPU.Build.0 = Release|Any CPU
		{E03827F8-AA7A-4FCA-A9CF-D8460A6B35EC}.Debug|Any CPU.ActiveCfg = Debug|Any CPU
		{E03827F8-AA7A-4FCA-A9CF-D8460A6B35EC}.Debug|Any CPU.Build.0 = Debug|Any CPU
		{E03827F8-AA7A-4FCA-A9CF-D8460A6B35EC}.Release|Any CPU.ActiveCfg = Release|Any CPU
		{E03827F8-AA7A-4FCA-A9CF-D8460A6B35EC}.Release|Any CPU.Build.0 = Release|Any CPU
		{1AFFE08B-FCA1-4306-8ABD-7CC8113E4E39}.Debug|Any CPU.ActiveCfg = Debug|Any CPU
		{1AFFE08B-FCA1-4306-8ABD-7CC8113E4E39}.Debug|Any CPU.Build.0 = Debug|Any CPU
		{1AFFE08B-FCA1-4306-8ABD-7CC8113E4E39}.Release|Any CPU.ActiveCfg = Release|Any CPU
		{1AFFE08B-FCA1-4306-8ABD-7CC8113E4E39}.Release|Any CPU.Build.0 = Release|Any CPU
	EndGlobalSection
	GlobalSection(SolutionProperties) = preSolution
		HideSolutionNode = FALSE
	EndGlobalSection
	GlobalSection(NestedProjects) = preSolution
		{3C1264B7-2813-4625-8C4B-ACC3ADD793EE} = {19942B82-4D5C-4FF1-945B-28DE286A0989}
		{B28D2988-BA8E-419C-9CC8-7BCFC02973FF} = {19942B82-4D5C-4FF1-945B-28DE286A0989}
		{E14A433E-2D42-4609-B23E-A66777A08FC2} = {19942B82-4D5C-4FF1-945B-28DE286A0989}
		{FDA851DE-08DD-40E5-9BCF-811A1ACE4E9B} = {4E5C18F3-4101-4C4C-88A3-7A0972C6FF69}
		{CFB18713-2221-456B-82A7-4F0302BA527E} = {4E5C18F3-4101-4C4C-88A3-7A0972C6FF69}
	EndGlobalSection
	GlobalSection(ExtensibilityGlobals) = postSolution
		SolutionGuid = {0C476BA2-AEF4-4DBF-86FC-19174C42C725}
	EndGlobalSection
EndGlobal
